// !$*UTF8*$!
{
	archiveVersion = 1;
	classes = {
	};
	objectVersion = 55;
	objects = {

/* Begin PBXBuildFile section */
		DCBCB01D27D26FA800C473B0 /* AppDelegate.swift in Sources */ = {isa = PBXBuildFile; fileRef = DCBCB01C27D26FA800C473B0 /* AppDelegate.swift */; };
		DCBCB01F27D26FA800C473B0 /* SceneDelegate.swift in Sources */ = {isa = PBXBuildFile; fileRef = DCBCB01E27D26FA800C473B0 /* SceneDelegate.swift */; };
		DCBCB02127D26FA800C473B0 /* ViewController.swift in Sources */ = {isa = PBXBuildFile; fileRef = DCBCB02027D26FA800C473B0 /* ViewController.swift */; };
		DCBCB02427D26FA800C473B0 /* Main.storyboard in Resources */ = {isa = PBXBuildFile; fileRef = DCBCB02227D26FA800C473B0 /* Main.storyboard */; };
		DCBCB02627D26FA900C473B0 /* Assets.xcassets in Resources */ = {isa = PBXBuildFile; fileRef = DCBCB02527D26FA900C473B0 /* Assets.xcassets */; };
		DCBCB02927D26FA900C473B0 /* LaunchScreen.storyboard in Resources */ = {isa = PBXBuildFile; fileRef = DCBCB02727D26FA900C473B0 /* LaunchScreen.storyboard */; };
		DCBCB03427D26FAA00C473B0 /* temperture_converter_appTests.swift in Sources */ = {isa = PBXBuildFile; fileRef = DCBCB03327D26FAA00C473B0 /* temperture_converter_appTests.swift */; };
		DCBCB03E27D26FAA00C473B0 /* temperture_converter_appUITests.swift in Sources */ = {isa = PBXBuildFile; fileRef = DCBCB03D27D26FAA00C473B0 /* temperture_converter_appUITests.swift */; };
		DCBCB04027D26FAA00C473B0 /* temperture_converter_appUITestsLaunchTests.swift in Sources */ = {isa = PBXBuildFile; fileRef = DCBCB03F27D26FAA00C473B0 /* temperture_converter_appUITestsLaunchTests.swift */; };
/* End PBXBuildFile section */

/* Begin PBXContainerItemProxy section */
		DCBCB03027D26FAA00C473B0 /* PBXContainerItemProxy */ = {
			isa = PBXContainerItemProxy;
			containerPortal = DCBCB01127D26FA800C473B0 /* Project object */;
			proxyType = 1;
			remoteGlobalIDString = DCBCB01827D26FA800C473B0;
			remoteInfo = "temperture-converter-app";
		};
		DCBCB03A27D26FAA00C473B0 /* PBXContainerItemProxy */ = {
			isa = PBXContainerItemProxy;
			containerPortal = DCBCB01127D26FA800C473B0 /* Project object */;
			proxyType = 1;
			remoteGlobalIDString = DCBCB01827D26FA800C473B0;
			remoteInfo = "temperture-converter-app";
		};
/* End PBXContainerItemProxy section */

/* Begin PBXFileReference section */
		DCBCB01927D26FA800C473B0 /* temperture-converter-app.app */ = {isa = PBXFileReference; explicitFileType = wrapper.application; includeInIndex = 0; path = "temperture-converter-app.app"; sourceTree = BUILT_PRODUCTS_DIR; };
		DCBCB01C27D26FA800C473B0 /* AppDelegate.swift */ = {isa = PBXFileReference; lastKnownFileType = sourcecode.swift; path = AppDelegate.swift; sourceTree = "<group>"; };
		DCBCB01E27D26FA800C473B0 /* SceneDelegate.swift */ = {isa = PBXFileReference; lastKnownFileType = sourcecode.swift; path = SceneDelegate.swift; sourceTree = "<group>"; };
		DCBCB02027D26FA800C473B0 /* ViewController.swift */ = {isa = PBXFileReference; lastKnownFileType = sourcecode.swift; path = ViewController.swift; sourceTree = "<group>"; };
		DCBCB02327D26FA800C473B0 /* Base */ = {isa = PBXFileReference; lastKnownFileType = file.storyboard; name = Base; path = Base.lproj/Main.storyboard; sourceTree = "<group>"; };
		DCBCB02527D26FA900C473B0 /* Assets.xcassets */ = {isa = PBXFileReference; lastKnownFileType = folder.assetcatalog; path = Assets.xcassets; sourceTree = "<group>"; };
		DCBCB02827D26FA900C473B0 /* Base */ = {isa = PBXFileReference; lastKnownFileType = file.storyboard; name = Base; path = Base.lproj/LaunchScreen.storyboard; sourceTree = "<group>"; };
		DCBCB02A27D26FA900C473B0 /* Info.plist */ = {isa = PBXFileReference; lastKnownFileType = text.plist.xml; path = Info.plist; sourceTree = "<group>"; };
		DCBCB02F27D26FAA00C473B0 /* temperture-converter-appTests.xctest */ = {isa = PBXFileReference; explicitFileType = wrapper.cfbundle; includeInIndex = 0; path = "temperture-converter-appTests.xctest"; sourceTree = BUILT_PRODUCTS_DIR; };
		DCBCB03327D26FAA00C473B0 /* temperture_converter_appTests.swift */ = {isa = PBXFileReference; lastKnownFileType = sourcecode.swift; path = temperture_converter_appTests.swift; sourceTree = "<group>"; };
		DCBCB03927D26FAA00C473B0 /* temperture-converter-appUITests.xctest */ = {isa = PBXFileReference; explicitFileType = wrapper.cfbundle; includeInIndex = 0; path = "temperture-converter-appUITests.xctest"; sourceTree = BUILT_PRODUCTS_DIR; };
		DCBCB03D27D26FAA00C473B0 /* temperture_converter_appUITests.swift */ = {isa = PBXFileReference; lastKnownFileType = sourcecode.swift; path = temperture_converter_appUITests.swift; sourceTree = "<group>"; };
		DCBCB03F27D26FAA00C473B0 /* temperture_converter_appUITestsLaunchTests.swift */ = {isa = PBXFileReference; lastKnownFileType = sourcecode.swift; path = temperture_converter_appUITestsLaunchTests.swift; sourceTree = "<group>"; };
/* End PBXFileReference section */

/* Begin PBXFrameworksBuildPhase section */
		DCBCB01627D26FA800C473B0 /* Frameworks */ = {
			isa = PBXFrameworksBuildPhase;
			buildActionMask = 2147483647;
			files = (
			);
			runOnlyForDeploymentPostprocessing = 0;
		};
		DCBCB02C27D26FAA00C473B0 /* Frameworks */ = {
			isa = PBXFrameworksBuildPhase;
			buildActionMask = 2147483647;
			files = (
			);
			runOnlyForDeploymentPostprocessing = 0;
		};
		DCBCB03627D26FAA00C473B0 /* Frameworks */ = {
			isa = PBXFrameworksBuildPhase;
			buildActionMask = 2147483647;
			files = (
			);
			runOnlyForDeploymentPostprocessing = 0;
		};
/* End PBXFrameworksBuildPhase section */

/* Begin PBXGroup section */
		DCBCB01027D26FA800C473B0 = {
			isa = PBXGroup;
			children = (
				DCBCB01B27D26FA800C473B0 /* temperture-converter-app */,
				DCBCB03227D26FAA00C473B0 /* temperture-converter-appTests */,
				DCBCB03C27D26FAA00C473B0 /* temperture-converter-appUITests */,
				DCBCB01A27D26FA800C473B0 /* Products */,
			);
			sourceTree = "<group>";
		};
		DCBCB01A27D26FA800C473B0 /* Products */ = {
			isa = PBXGroup;
			children = (
				DCBCB01927D26FA800C473B0 /* temperture-converter-app.app */,
				DCBCB02F27D26FAA00C473B0 /* temperture-converter-appTests.xctest */,
				DCBCB03927D26FAA00C473B0 /* temperture-converter-appUITests.xctest */,
			);
			name = Products;
			sourceTree = "<group>";
		};
		DCBCB01B27D26FA800C473B0 /* temperture-converter-app */ = {
			isa = PBXGroup;
			children = (
				DCBCB01C27D26FA800C473B0 /* AppDelegate.swift */,
				DCBCB01E27D26FA800C473B0 /* SceneDelegate.swift */,
				DCBCB02027D26FA800C473B0 /* ViewController.swift */,
				DCBCB02227D26FA800C473B0 /* Main.storyboard */,
				DCBCB02527D26FA900C473B0 /* Assets.xcassets */,
				DCBCB02727D26FA900C473B0 /* LaunchScreen.storyboard */,
				DCBCB02A27D26FA900C473B0 /* Info.plist */,
			);
			path = "temperture-converter-app";
			sourceTree = "<group>";
		};
		DCBCB03227D26FAA00C473B0 /* temperture-converter-appTests */ = {
			isa = PBXGroup;
			children = (
				DCBCB03327D26FAA00C473B0 /* temperture_converter_appTests.swift */,
			);
			path = "temperture-converter-appTests";
			sourceTree = "<group>";
		};
		DCBCB03C27D26FAA00C473B0 /* temperture-converter-appUITests */ = {
			isa = PBXGroup;
			children = (
				DCBCB03D27D26FAA00C473B0 /* temperture_converter_appUITests.swift */,
				DCBCB03F27D26FAA00C473B0 /* temperture_converter_appUITestsLaunchTests.swift */,
			);
			path = "temperture-converter-appUITests";
			sourceTree = "<group>";
		};
/* End PBXGroup section */

/* Begin PBXNativeTarget section */
		DCBCB01827D26FA800C473B0 /* temperture-converter-app */ = {
			isa = PBXNativeTarget;
			buildConfigurationList = DCBCB04327D26FAA00C473B0 /* Build configuration list for PBXNativeTarget "temperture-converter-app" */;
			buildPhases = (
				DCBCB01527D26FA800C473B0 /* Sources */,
				DCBCB01627D26FA800C473B0 /* Frameworks */,
				DCBCB01727D26FA800C473B0 /* Resources */,
			);
			buildRules = (
			);
			dependencies = (
			);
			name = "temperture-converter-app";
			productName = "temperture-converter-app";
			productReference = DCBCB01927D26FA800C473B0 /* temperture-converter-app.app */;
			productType = "com.apple.product-type.application";
		};
		DCBCB02E27D26FAA00C473B0 /* temperture-converter-appTests */ = {
			isa = PBXNativeTarget;
			buildConfigurationList = DCBCB04627D26FAA00C473B0 /* Build configuration list for PBXNativeTarget "temperture-converter-appTests" */;
			buildPhases = (
				DCBCB02B27D26FAA00C473B0 /* Sources */,
				DCBCB02C27D26FAA00C473B0 /* Frameworks */,
				DCBCB02D27D26FAA00C473B0 /* Resources */,
			);
			buildRules = (
			);
			dependencies = (
				DCBCB03127D26FAA00C473B0 /* PBXTargetDependency */,
			);
			name = "temperture-converter-appTests";
			productName = "temperture-converter-appTests";
			productReference = DCBCB02F27D26FAA00C473B0 /* temperture-converter-appTests.xctest */;
			productType = "com.apple.product-type.bundle.unit-test";
		};
		DCBCB03827D26FAA00C473B0 /* temperture-converter-appUITests */ = {
			isa = PBXNativeTarget;
			buildConfigurationList = DCBCB04927D26FAA00C473B0 /* Build configuration list for PBXNativeTarget "temperture-converter-appUITests" */;
			buildPhases = (
				DCBCB03527D26FAA00C473B0 /* Sources */,
				DCBCB03627D26FAA00C473B0 /* Frameworks */,
				DCBCB03727D26FAA00C473B0 /* Resources */,
			);
			buildRules = (
			);
			dependencies = (
				DCBCB03B27D26FAA00C473B0 /* PBXTargetDependency */,
			);
			name = "temperture-converter-appUITests";
			productName = "temperture-converter-appUITests";
			productReference = DCBCB03927D26FAA00C473B0 /* temperture-converter-appUITests.xctest */;
			productType = "com.apple.product-type.bundle.ui-testing";
		};
/* End PBXNativeTarget section */

/* Begin PBXProject section */
		DCBCB01127D26FA800C473B0 /* Project object */ = {
			isa = PBXProject;
			attributes = {
				BuildIndependentTargetsInParallel = 1;
				LastSwiftUpdateCheck = 1320;
				LastUpgradeCheck = 1320;
				TargetAttributes = {
					DCBCB01827D26FA800C473B0 = {
						CreatedOnToolsVersion = 13.2.1;
					};
					DCBCB02E27D26FAA00C473B0 = {
						CreatedOnToolsVersion = 13.2.1;
						TestTargetID = DCBCB01827D26FA800C473B0;
					};
					DCBCB03827D26FAA00C473B0 = {
						CreatedOnToolsVersion = 13.2.1;
						TestTargetID = DCBCB01827D26FA800C473B0;
					};
				};
			};
			buildConfigurationList = DCBCB01427D26FA800C473B0 /* Build configuration list for PBXProject "temperture-converter-app" */;
			compatibilityVersion = "Xcode 13.0";
			developmentRegion = en;
			hasScannedForEncodings = 0;
			knownRegions = (
				en,
				Base,
			);
			mainGroup = DCBCB01027D26FA800C473B0;
			productRefGroup = DCBCB01A27D26FA800C473B0 /* Products */;
			projectDirPath = "";
			projectRoot = "";
			targets = (
				DCBCB01827D26FA800C473B0 /* temperture-converter-app */,
				DCBCB02E27D26FAA00C473B0 /* temperture-converter-appTests */,
				DCBCB03827D26FAA00C473B0 /* temperture-converter-appUITests */,
			);
		};
/* End PBXProject section */

/* Begin PBXResourcesBuildPhase section */
		DCBCB01727D26FA800C473B0 /* Resources */ = {
			isa = PBXResourcesBuildPhase;
			buildActionMask = 2147483647;
			files = (
				DCBCB02927D26FA900C473B0 /* LaunchScreen.storyboard in Resources */,
				DCBCB02627D26FA900C473B0 /* Assets.xcassets in Resources */,
				DCBCB02427D26FA800C473B0 /* Main.storyboard in Resources */,
			);
			runOnlyForDeploymentPostprocessing = 0;
		};
		DCBCB02D27D26FAA00C473B0 /* Resources */ = {
			isa = PBXResourcesBuildPhase;
			buildActionMask = 2147483647;
			files = (
			);
			runOnlyForDeploymentPostprocessing = 0;
		};
		DCBCB03727D26FAA00C473B0 /* Resources */ = {
			isa = PBXResourcesBuildPhase;
			buildActionMask = 2147483647;
			files = (
			);
			runOnlyForDeploymentPostprocessing = 0;
		};
/* End PBXResourcesBuildPhase section */

/* Begin PBXSourcesBuildPhase section */
		DCBCB01527D26FA800C473B0 /* Sources */ = {
			isa = PBXSourcesBuildPhase;
			buildActionMask = 2147483647;
			files = (
				DCBCB02127D26FA800C473B0 /* ViewController.swift in Sources */,
				DCBCB01D27D26FA800C473B0 /* AppDelegate.swift in Sources */,
				DCBCB01F27D26FA800C473B0 /* SceneDelegate.swift in Sources */,
			);
			runOnlyForDeploymentPostprocessing = 0;
		};
		DCBCB02B27D26FAA00C473B0 /* Sources */ = {
			isa = PBXSourcesBuildPhase;
			buildActionMask = 2147483647;
			files = (
				DCBCB03427D26FAA00C473B0 /* temperture_converter_appTests.swift in Sources */,
			);
			runOnlyForDeploymentPostprocessing = 0;
		};
		DCBCB03527D26FAA00C473B0 /* Sources */ = {
			isa = PBXSourcesBuildPhase;
			buildActionMask = 2147483647;
			files = (
				DCBCB04027D26FAA00C473B0 /* temperture_converter_appUITestsLaunchTests.swift in Sources */,
				DCBCB03E27D26FAA00C473B0 /* temperture_converter_appUITests.swift in Sources */,
			);
			runOnlyForDeploymentPostprocessing = 0;
		};
/* End PBXSourcesBuildPhase section */

/* Begin PBXTargetDependency section */
		DCBCB03127D26FAA00C473B0 /* PBXTargetDependency */ = {
			isa = PBXTargetDependency;
			target = DCBCB01827D26FA800C473B0 /* temperture-converter-app */;
			targetProxy = DCBCB03027D26FAA00C473B0 /* PBXContainerItemProxy */;
		};
		DCBCB03B27D26FAA00C473B0 /* PBXTargetDependency */ = {
			isa = PBXTargetDependency;
			target = DCBCB01827D26FA800C473B0 /* temperture-converter-app */;
			targetProxy = DCBCB03A27D26FAA00C473B0 /* PBXContainerItemProxy */;
		};
/* End PBXTargetDependency section */

/* Begin PBXVariantGroup section */
		DCBCB02227D26FA800C473B0 /* Main.storyboard */ = {
			isa = PBXVariantGroup;
			children = (
				DCBCB02327D26FA800C473B0 /* Base */,
			);
			name = Main.storyboard;
			sourceTree = "<group>";
		};
		DCBCB02727D26FA900C473B0 /* LaunchScreen.storyboard */ = {
			isa = PBXVariantGroup;
			children = (
				DCBCB02827D26FA900C473B0 /* Base */,
			);
			name = LaunchScreen.storyboard;
			sourceTree = "<group>";
		};
/* End PBXVariantGroup section */

/* Begin XCBuildConfiguration section */
		DCBCB04127D26FAA00C473B0 /* Debug */ = {
			isa = XCBuildConfiguration;
			buildSettings = {
				ALWAYS_SEARCH_USER_PATHS = NO;
				CLANG_ANALYZER_NONNULL = YES;
				CLANG_ANALYZER_NUMBER_OBJECT_CONVERSION = YES_AGGRESSIVE;
				CLANG_CXX_LANGUAGE_STANDARD = "gnu++17";
				CLANG_CXX_LIBRARY = "libc++";
				CLANG_ENABLE_MODULES = YES;
				CLANG_ENABLE_OBJC_ARC = YES;
				CLANG_ENABLE_OBJC_WEAK = YES;
				CLANG_WARN_BLOCK_CAPTURE_AUTORELEASING = YES;
				CLANG_WARN_BOOL_CONVERSION = YES;
				CLANG_WARN_COMMA = YES;
				CLANG_WARN_CONSTANT_CONVERSION = YES;
				CLANG_WARN_DEPRECATED_OBJC_IMPLEMENTATIONS = YES;
				CLANG_WARN_DIRECT_OBJC_ISA_USAGE = YES_ERROR;
				CLANG_WARN_DOCUMENTATION_COMMENTS = YES;
				CLANG_WARN_EMPTY_BODY = YES;
				CLANG_WARN_ENUM_CONVERSION = YES;
				CLANG_WARN_INFINITE_RECURSION = YES;
				CLANG_WARN_INT_CONVERSION = YES;
				CLANG_WARN_NON_LITERAL_NULL_CONVERSION = YES;
				CLANG_WARN_OBJC_IMPLICIT_RETAIN_SELF = YES;
				CLANG_WARN_OBJC_LITERAL_CONVERSION = YES;
				CLANG_WARN_OBJC_ROOT_CLASS = YES_ERROR;
				CLANG_WARN_QUOTED_INCLUDE_IN_FRAMEWORK_HEADER = YES;
				CLANG_WARN_RANGE_LOOP_ANALYSIS = YES;
				CLANG_WARN_STRICT_PROTOTYPES = YES;
				CLANG_WARN_SUSPICIOUS_MOVE = YES;
				CLANG_WARN_UNGUARDED_AVAILABILITY = YES_AGGRESSIVE;
				CLANG_WARN_UNREACHABLE_CODE = YES;
				CLANG_WARN__DUPLICATE_METHOD_MATCH = YES;
				COPY_PHASE_STRIP = NO;
				DEBUG_INFORMATION_FORMAT = dwarf;
				ENABLE_STRICT_OBJC_MSGSEND = YES;
				ENABLE_TESTABILITY = YES;
				GCC_C_LANGUAGE_STANDARD = gnu11;
				GCC_DYNAMIC_NO_PIC = NO;
				GCC_NO_COMMON_BLOCKS = YES;
				GCC_OPTIMIZATION_LEVEL = 0;
				GCC_PREPROCESSOR_DEFINITIONS = (
					"DEBUG=1",
					"$(inherited)",
				);
				GCC_WARN_64_TO_32_BIT_CONVERSION = YES;
				GCC_WARN_ABOUT_RETURN_TYPE = YES_ERROR;
				GCC_WARN_UNDECLARED_SELECTOR = YES;
				GCC_WARN_UNINITIALIZED_AUTOS = YES_AGGRESSIVE;
				GCC_WARN_UNUSED_FUNCTION = YES;
				GCC_WARN_UNUSED_VARIABLE = YES;
				IPHONEOS_DEPLOYMENT_TARGET = 15.2;
				MTL_ENABLE_DEBUG_INFO = INCLUDE_SOURCE;
				MTL_FAST_MATH = YES;
				ONLY_ACTIVE_ARCH = YES;
				SDKROOT = iphoneos;
				SWIFT_ACTIVE_COMPILATION_CONDITIONS = DEBUG;
				SWIFT_OPTIMIZATION_LEVEL = "-Onone";
			};
			name = Debug;
		};
		DCBCB04227D26FAA00C473B0 /* Release */ = {
			isa = XCBuildConfiguration;
			buildSettings = {
				ALWAYS_SEARCH_USER_PATHS = NO;
				CLANG_ANALYZER_NONNULL = YES;
				CLANG_ANALYZER_NUMBER_OBJECT_CONVERSION = YES_AGGRESSIVE;
				CLANG_CXX_LANGUAGE_STANDARD = "gnu++17";
				CLANG_CXX_LIBRARY = "libc++";
				CLANG_ENABLE_MODULES = YES;
				CLANG_ENABLE_OBJC_ARC = YES;
				CLANG_ENABLE_OBJC_WEAK = YES;
				CLANG_WARN_BLOCK_CAPTURE_AUTORELEASING = YES;
				CLANG_WARN_BOOL_CONVERSION = YES;
				CLANG_WARN_COMMA = YES;
				CLANG_WARN_CONSTANT_CONVERSION = YES;
				CLANG_WARN_DEPRECATED_OBJC_IMPLEMENTATIONS = YES;
				CLANG_WARN_DIRECT_OBJC_ISA_USAGE = YES_ERROR;
				CLANG_WARN_DOCUMENTATION_COMMENTS = YES;
				CLANG_WARN_EMPTY_BODY = YES;
				CLANG_WARN_ENUM_CONVERSION = YES;
				CLANG_WARN_INFINITE_RECURSION = YES;
				CLANG_WARN_INT_CONVERSION = YES;
				CLANG_WARN_NON_LITERAL_NULL_CONVERSION = YES;
				CLANG_WARN_OBJC_IMPLICIT_RETAIN_SELF = YES;
				CLANG_WARN_OBJC_LITERAL_CONVERSION = YES;
				CLANG_WARN_OBJC_ROOT_CLASS = YES_ERROR;
				CLANG_WARN_QUOTED_INCLUDE_IN_FRAMEWORK_HEADER = YES;
				CLANG_WARN_RANGE_LOOP_ANALYSIS = YES;
				CLANG_WARN_STRICT_PROTOTYPES = YES;
				CLANG_WARN_SUSPICIOUS_MOVE = YES;
				CLANG_WARN_UNGUARDED_AVAILABILITY = YES_AGGRESSIVE;
				CLANG_WARN_UNREACHABLE_CODE = YES;
				CLANG_WARN__DUPLICATE_METHOD_MATCH = YES;
				COPY_PHASE_STRIP = NO;
				DEBUG_INFORMATION_FORMAT = "dwarf-with-dsym";
				ENABLE_NS_ASSERTIONS = NO;
				ENABLE_STRICT_OBJC_MSGSEND = YES;
				GCC_C_LANGUAGE_STANDARD = gnu11;
				GCC_NO_COMMON_BLOCKS = YES;
				GCC_WARN_64_TO_32_BIT_CONVERSION = YES;
				GCC_WARN_ABOUT_RETURN_TYPE = YES_ERROR;
				GCC_WARN_UNDECLARED_SELECTOR = YES;
				GCC_WARN_UNINITIALIZED_AUTOS = YES_AGGRESSIVE;
				GCC_WARN_UNUSED_FUNCTION = YES;
				GCC_WARN_UNUSED_VARIABLE = YES;
				IPHONEOS_DEPLOYMENT_TARGET = 15.2;
				MTL_ENABLE_DEBUG_INFO = NO;
				MTL_FAST_MATH = YES;
				SDKROOT = iphoneos;
				SWIFT_COMPILATION_MODE = wholemodule;
				SWIFT_OPTIMIZATION_LEVEL = "-O";
				VALIDATE_PRODUCT = YES;
			};
			name = Release;
		};
		DCBCB04427D26FAA00C473B0 /* Debug */ = {
			isa = XCBuildConfiguration;
			buildSettings = {
				ASSETCATALOG_COMPILER_APPICON_NAME = AppIcon;
				ASSETCATALOG_COMPILER_GLOBAL_ACCENT_COLOR_NAME = AccentColor;
				CODE_SIGN_STYLE = Automatic;
				CURRENT_PROJECT_VERSION = 1;
				DEVELOPMENT_TEAM = 67NPXV7CSZ;
				GENERATE_INFOPLIST_FILE = YES;
				INFOPLIST_FILE = "temperture-converter-app/Info.plist";
				INFOPLIST_KEY_UIApplicationSupportsIndirectInputEvents = YES;
				INFOPLIST_KEY_UILaunchStoryboardName = LaunchScreen;
				INFOPLIST_KEY_UIMainStoryboardFile = Main;
				INFOPLIST_KEY_UISupportedInterfaceOrientations_iPad = "UIInterfaceOrientationPortrait UIInterfaceOrientationPortraitUpsideDown UIInterfaceOrientationLandscapeLeft UIInterfaceOrientationLandscapeRight";
				INFOPLIST_KEY_UISupportedInterfaceOrientations_iPhone = "UIInterfaceOrientationPortrait UIInterfaceOrientationLandscapeLeft UIInterfaceOrientationLandscapeRight";
				LD_RUNPATH_SEARCH_PATHS = (
					"$(inherited)",
					"@executable_path/Frameworks",
				);
				MARKETING_VERSION = 1.0;
				PRODUCT_BUNDLE_IDENTIFIER = "com.practice.temperture-converter-app";
				PRODUCT_NAME = "$(TARGET_NAME)";
				SWIFT_EMIT_LOC_STRINGS = YES;
				SWIFT_VERSION = 5.0;
				TARGETED_DEVICE_FAMILY = "1,2";
			};
			name = Debug;
		};
		DCBCB04527D26FAA00C473B0 /* Release */ = {
			isa = XCBuildConfiguration;
			buildSettings = {
				ASSETCATALOG_COMPILER_APPICON_NAME = AppIcon;
				ASSETCATALOG_COMPILER_GLOBAL_ACCENT_COLOR_NAME = AccentColor;
				CODE_SIGN_STYLE = Automatic;
				CURRENT_PROJECT_VERSION = 1;
				DEVELOPMENT_TEAM = 67NPXV7CSZ;
				GENERATE_INFOPLIST_FILE = YES;
				INFOPLIST_FILE = "temperture-converter-app/Info.plist";
				INFOPLIST_KEY_UIApplicationSupportsIndirectInputEvents = YES;
				INFOPLIST_KEY_UILaunchStoryboardName = LaunchScreen;
				INFOPLIST_KEY_UIMainStoryboardFile = Main;
				INFOPLIST_KEY_UISupportedInterfaceOrientations_iPad = "UIInterfaceOrientationPortrait UIInterfaceOrientationPortraitUpsideDown UIInterfaceOrientationLandscapeLeft UIInterfaceOrientationLandscapeRight";
				INFOPLIST_KEY_UISupportedInterfaceOrientations_iPhone = "UIInterfaceOrientationPortrait UIInterfaceOrientationLandscapeLeft UIInterfaceOrientationLandscapeRight";
				LD_RUNPATH_SEARCH_PATHS = (
					"$(inherited)",
					"@executable_path/Frameworks",
				);
				MARKETING_VERSION = 1.0;
				PRODUCT_BUNDLE_IDENTIFIER = "com.practice.temperture-converter-app";
				PRODUCT_NAME = "$(TARGET_NAME)";
				SWIFT_EMIT_LOC_STRINGS = YES;
				SWIFT_VERSION = 5.0;
				TARGETED_DEVICE_FAMILY = "1,2";
			};
			name = Release;
		};
		DCBCB04727D26FAA00C473B0 /* Debug */ = {
			isa = XCBuildConfiguration;
			buildSettings = {
				ALWAYS_EMBED_SWIFT_STANDARD_LIBRARIES = YES;
				BUNDLE_LOADER = "$(TEST_HOST)";
				CODE_SIGN_STYLE = Automatic;
				CURRENT_PROJECT_VERSION = 1;
				DEVELOPMENT_TEAM = 67NPXV7CSZ;
				GENERATE_INFOPLIST_FILE = YES;
				IPHONEOS_DEPLOYMENT_TARGET = 15.2;
				MARKETING_VERSION = 1.0;
				PRODUCT_BUNDLE_IDENTIFIER = "com.practice.temperture-converter-appTests";
				PRODUCT_NAME = "$(TARGET_NAME)";
				SWIFT_EMIT_LOC_STRINGS = NO;
				SWIFT_VERSION = 5.0;
				TARGETED_DEVICE_FAMILY = "1,2";
				TEST_HOST = "$(BUILT_PRODUCTS_DIR)/temperture-converter-app.app/temperture-converter-app";
			};
			name = Debug;
		};
		DCBCB04827D26FAA00C473B0 /* Release */ = {
			isa = XCBuildConfiguration;
			buildSettings = {
				ALWAYS_EMBED_SWIFT_STANDARD_LIBRARIES = YES;
				BUNDLE_LOADER = "$(TEST_HOST)";
				CODE_SIGN_STYLE = Automatic;
				CURRENT_PROJECT_VERSION = 1;
				DEVELOPMENT_TEAM = 67NPXV7CSZ;
				GENERATE_INFOPLIST_FILE = YES;
				IPHONEOS_DEPLOYMENT_TARGET = 15.2;
				MARKETING_VERSION = 1.0;
				PRODUCT_BUNDLE_IDENTIFIER = "com.practice.temperture-converter-appTests";
				PRODUCT_NAME = "$(TARGET_NAME)";
				SWIFT_EMIT_LOC_STRINGS = NO;
				SWIFT_VERSION = 5.0;
				TARGETED_DEVICE_FAMILY = "1,2";
				TEST_HOST = "$(BUILT_PRODUCTS_DIR)/temperture-converter-app.app/temperture-converter-app";
			};
			name = Release;
		};
		DCBCB04A27D26FAA00C473B0 /* Debug */ = {
			isa = XCBuildConfiguration;
			buildSettings = {
				ALWAYS_EMBED_SWIFT_STANDARD_LIBRARIES = YES;
				CODE_SIGN_STYLE = Automatic;
				CURRENT_PROJECT_VERSION = 1;
				DEVELOPMENT_TEAM = 67NPXV7CSZ;
				GENERATE_INFOPLIST_FILE = YES;
				MARKETING_VERSION = 1.0;
				PRODUCT_BUNDLE_IDENTIFIER = "com.practice.temperture-converter-appUITests";
				PRODUCT_NAME = "$(TARGET_NAME)";
				SWIFT_EMIT_LOC_STRINGS = NO;
				SWIFT_VERSION = 5.0;
				TARGETED_DEVICE_FAMILY = "1,2";
				TEST_TARGET_NAME = "temperture-converter-app";
			};
			name = Debug;
		};
		DCBCB04B27D26FAA00C473B0 /* Release */ = {
			isa = XCBuildConfiguration;
			buildSettings = {
				ALWAYS_EMBED_SWIFT_STANDARD_LIBRARIES = YES;
				CODE_SIGN_STYLE = Automatic;
				CURRENT_PROJECT_VERSION = 1;
				DEVELOPMENT_TEAM = 67NPXV7CSZ;
				GENERATE_INFOPLIST_FILE = YES;
				MARKETING_VERSION = 1.0;
				PRODUCT_BUNDLE_IDENTIFIER = "com.practice.temperture-converter-appUITests";
				PRODUCT_NAME = "$(TARGET_NAME)";
				SWIFT_EMIT_LOC_STRINGS = NO;
				SWIFT_VERSION = 5.0;
				TARGETED_DEVICE_FAMILY = "1,2";
				TEST_TARGET_NAME = "temperture-converter-app";
			};
			name = Release;
		};
/* End XCBuildConfiguration section */

/* Begin XCConfigurationList section */
		DCBCB01427D26FA800C473B0 /* Build configuration list for PBXProject "temperture-converter-app" */ = {
			isa = XCConfigurationList;
			buildConfigurations = (
				DCBCB04127D26FAA00C473B0 /* Debug */,
				DCBCB04227D26FAA00C473B0 /* Release */,
			);
			defaultConfigurationIsVisible = 0;
			defaultConfigurationName = Release;
		};
		DCBCB04327D26FAA00C473B0 /* Build configuration list for PBXNativeTarget "temperture-converter-app" */ = {
			isa = XCConfigurationList;
			buildConfigurations = (
				DCBCB04427D26FAA00C473B0 /* Debug */,
				DCBCB04527D26FAA00C473B0 /* Release */,
			);
			defaultConfigurationIsVisible = 0;
			defaultConfigurationName = Release;
		};
		DCBCB04627D26FAA00C473B0 /* Build configuration list for PBXNativeTarget "temperture-converter-appTests" */ = {
			isa = XCConfigurationList;
			buildConfigurations = (
				DCBCB04727D26FAA00C473B0 /* Debug */,
				DCBCB04827D26FAA00C473B0 /* Release */,
			);
			defaultConfigurationIsVisible = 0;
			defaultConfigurationName = Release;
		};
		DCBCB04927D26FAA00C473B0 /* Build configuration list for PBXNativeTarget "temperture-converter-appUITests" */ = {
			isa = XCConfigurationList;
			buildConfigurations = (
				DCBCB04A27D26FAA00C473B0 /* Debug */,
				DCBCB04B27D26FAA00C473B0 /* Release */,
			);
			defaultConfigurationIsVisible = 0;
			defaultConfigurationName = Release;
		};
/* End XCConfigurationList section */
	};
	rootObject = DCBCB01127D26FA800C473B0 /* Project object */;
}
